
Microsoft Visual Studio Solution File, Format Version 12.00
# Visual Studio Version 17
VisualStudioVersion = 17.5.002.0
MinimumVisualStudioVersion = 10.0.40219.1
Project("{9A19103F-16F7-4668-BE54-9A1E7A4F7556}") = "pipelines-dotnet-core", "pipelines-dotnet-core-master\pipelines-dotnet-core.csproj", "{FAE27489-C4E5-40F0-8922-B8EA3631EE7F}"
EndProject
Global
	GlobalSection(SolutionConfigurationPlatforms) = preSolution
		Debug|Any CPU = Debug|Any CPU
		Release|Any CPU = Release|Any CPU
	EndGlobalSection
	GlobalSection(ProjectConfigurationPlatforms) = postSolution
		{FAE27489-C4E5-40F0-8922-B8EA3631EE7F}.Debug|Any CPU.ActiveCfg = Debug|Any CPU
		{FAE27489-C4E5-40F0-8922-B8EA3631EE7F}.Debug|Any CPU.Build.0 = Debug|Any CPU
		{FAE27489-C4E5-40F0-8922-B8EA3631EE7F}.Release|Any CPU.ActiveCfg = Release|Any CPU
		{FAE27489-C4E5-40F0-8922-B8EA3631EE7F}.Release|Any CPU.Build.0 = Release|Any CPU
	EndGlobalSection
	GlobalSection(SolutionProperties) = preSolution
		HideSolutionNode = FALSE
	EndGlobalSection
	GlobalSection(ExtensibilityGlobals) = postSolution
		SolutionGuid = {A20D31E8-F5F6-46C1-A50E-52DD2ED270B9}
	EndGlobalSection
EndGlobal
